// !$*UTF8*$!
{
	archiveVersion = 1;
	classes = {
	};
	objectVersion = 77;
	objects = {

/* Begin PBXContainerItemProxy section */
		E7AD70D12E6483B100EC165A /* PBXContainerItemProxy */ = {
			isa = PBXContainerItemProxy;
			containerPortal = E7AD70B92E6483B100EC165A /* Project object */;
			proxyType = 1;
			remoteGlobalIDString = E7AD70C02E6483B100EC165A;
			remoteInfo = HearCoachPlus;
		};
		E7AD70DB2E6483B100EC165A /* PBXContainerItemProxy */ = {
			isa = PBXContainerItemProxy;
			containerPortal = E7AD70B92E6483B100EC165A /* Project object */;
			proxyType = 1;
			remoteGlobalIDString = E7AD70C02E6483B100EC165A;
			remoteInfo = HearCoachPlus;
		};
/* End PBXContainerItemProxy section */

/* Begin PBXFileReference section */
		E7AD70C12E6483B100EC165A /* HearCoachPlus.app */ = {isa = PBXFileReference; explicitFileType = wrapper.application; includeInIndex = 0; path = HearCoachPlus.app; sourceTree = BUILT_PRODUCTS_DIR; };
		E7AD70D02E6483B100EC165A /* HearCoachPlusTests.xctest */ = {isa = PBXFileReference; explicitFileType = wrapper.cfbundle; includeInIndex = 0; path = HearCoachPlusTests.xctest; sourceTree = BUILT_PRODUCTS_DIR; };
		E7AD70DA2E6483B100EC165A /* HearCoachPlusUITests.xctest */ = {isa = PBXFileReference; explicitFileType = wrapper.cfbundle; includeInIndex = 0; path = HearCoachPlusUITests.xctest; sourceTree = BUILT_PRODUCTS_DIR; };
/* End PBXFileReference section */

/* Begin PBXFileSystemSynchronizedBuildFileExceptionSet section */
		E7AD71972E6494DC00EC165A /* Exceptions for "HearCoachPlus" folder in "HearCoachPlus" target */ = {
			isa = PBXFileSystemSynchronizedBuildFileExceptionSet;
			membershipExceptions = (
				Info.plist,
			);
			target = E7AD70C02E6483B100EC165A /* HearCoachPlus */;
		};
/* End PBXFileSystemSynchronizedBuildFileExceptionSet section */

/* Begin PBXFileSystemSynchronizedRootGroup section */
		E7AD70C32E6483B100EC165A /* HearCoachPlus */ = {
			isa = PBXFileSystemSynchronizedRootGroup;
			exceptions = (
				E7AD71972E6494DC00EC165A /* Exceptions for "HearCoachPlus" folder in "HearCoachPlus" target */,
			);
			path = HearCoachPlus;
			sourceTree = "<group>";
		};
		E7AD70D32E6483B100EC165A /* HearCoachPlusTests */ = {
			isa = PBXFileSystemSynchronizedRootGroup;
			path = HearCoachPlusTests;
			sourceTree = "<group>";
		};
		E7AD70DD2E6483B100EC165A /* HearCoachPlusUITests */ = {
			isa = PBXFileSystemSynchronizedRootGroup;
			path = HearCoachPlusUITests;
			sourceTree = "<group>";
		};
/* End PBXFileSystemSynchronizedRootGroup section */

/* Begin PBXFrameworksBuildPhase section */
		E7AD70BE2E6483B100EC165A /* Frameworks */ = {
			isa = PBXFrameworksBuildPhase;
			buildActionMask = 2147483647;
			files = (
			);
			runOnlyForDeploymentPostprocessing = 0;
		};
		E7AD70CD2E6483B100EC165A /* Frameworks */ = {
			isa = PBXFrameworksBuildPhase;
			buildActionMask = 2147483647;
			files = (
			);
			runOnlyForDeploymentPostprocessing = 0;
		};
		E7AD70D72E6483B100EC165A /* Frameworks */ = {
			isa = PBXFrameworksBuildPhase;
			buildActionMask = 2147483647;
			files = (
			);
			runOnlyForDeploymentPostprocessing = 0;
		};
/* End PBXFrameworksBuildPhase section */

/* Begin PBXGroup section */
		E7AD70B82E6483B100EC165A = {
			isa = PBXGroup;
			children = (
				E7AD70C32E6483B100EC165A /* HearCoachPlus */,
				E7AD70D32E6483B100EC165A /* HearCoachPlusTests */,
				E7AD70DD2E6483B100EC165A /* HearCoachPlusUITests */,
				E7AD70C22E6483B100EC165A /* Products */,
			);
			sourceTree = "<group>";
		};
		E7AD70C22E6483B100EC165A /* Products */ = {
			isa = PBXGroup;
			children = (
				E7AD70C12E6483B100EC165A /* HearCoachPlus.app */,
				E7AD70D02E6483B100EC165A /* HearCoachPlusTests.xctest */,
				E7AD70DA2E6483B100EC165A /* HearCoachPlusUITests.xctest */,
			);
			name = Products;
			sourceTree = "<group>";
		};
/* End PBXGroup section */

/* Begin PBXNativeTarget section */
		E7AD70C02E6483B100EC165A /* HearCoachPlus */ = {
			isa = PBXNativeTarget;
			buildConfigurationList = E7AD70E42E6483B100EC165A /* Build configuration list for PBXNativeTarget "HearCoachPlus" */;
			buildPhases = (
				E7AD70BD2E6483B100EC165A /* Sources */,
				E7AD70BE2E6483B100EC165A /* Frameworks */,
				E7AD70BF2E6483B100EC165A /* Resources */,
			);
			buildRules = (
			);
			dependencies = (
			);
			fileSystemSynchronizedGroups = (
				E7AD70C32E6483B100EC165A /* HearCoachPlus */,
			);
			name = HearCoachPlus;
			packageProductDependencies = (
			);
			productName = HearCoachPlus;
			productReference = E7AD70C12E6483B100EC165A /* HearCoachPlus.app */;
			productType = "com.apple.product-type.application";
		};
		E7AD70CF2E6483B100EC165A /* HearCoachPlusTests */ = {
			isa = PBXNativeTarget;
			buildConfigurationList = E7AD70E72E6483B100EC165A /* Build configuration list for PBXNativeTarget "HearCoachPlusTests" */;
			buildPhases = (
				E7AD70CC2E6483B100EC165A /* Sources */,
				E7AD70CD2E6483B100EC165A /* Frameworks */,
				E7AD70CE2E6483B100EC165A /* Resources */,
			);
			buildRules = (
			);
			dependencies = (
				E7AD70D22E6483B100EC165A /* PBXTargetDependency */,
			);
			fileSystemSynchronizedGroups = (
				E7AD70D32E6483B100EC165A /* HearCoachPlusTests */,
			);
			name = HearCoachPlusTests;
			packageProductDependencies = (
			);
			productName = HearCoachPlusTests;
			productReference = E7AD70D02E6483B100EC165A /* HearCoachPlusTests.xctest */;
			productType = "com.apple.product-type.bundle.unit-test";
		};
		E7AD70D92E6483B100EC165A /* HearCoachPlusUITests */ = {
			isa = PBXNativeTarget;
			buildConfigurationList = E7AD70EA2E6483B100EC165A /* Build configuration list for PBXNativeTarget "HearCoachPlusUITests" */;
			buildPhases = (
				E7AD70D62E6483B100EC165A /* Sources */,
				E7AD70D72E6483B100EC165A /* Frameworks */,
				E7AD70D82E6483B100EC165A /* Resources */,
			);
			buildRules = (
			);
			dependencies = (
				E7AD70DC2E6483B100EC165A /* PBXTargetDependency */,
			);
			fileSystemSynchronizedGroups = (
				E7AD70DD2E6483B100EC165A /* HearCoachPlusUITests */,
			);
			name = HearCoachPlusUITests;
			packageProductDependencies = (
			);
			productName = HearCoachPlusUITests;
			productReference = E7AD70DA2E6483B100EC165A /* HearCoachPlusUITests.xctest */;
			productType = "com.apple.product-type.bundle.ui-testing";
		};
/* End PBXNativeTarget section */

/* Begin PBXProject section */
		E7AD70B92E6483B100EC165A /* Project object */ = {
			isa = PBXProject;
			attributes = {
				BuildIndependentTargetsInParallel = 1;
				LastSwiftUpdateCheck = 1640;
				LastUpgradeCheck = 1640;
				TargetAttributes = {
					E7AD70C02E6483B100EC165A = {
						CreatedOnToolsVersion = 16.4;
					};
					E7AD70CF2E6483B100EC165A = {
						CreatedOnToolsVersion = 16.4;
						TestTargetID = E7AD70C02E6483B100EC165A;
					};
					E7AD70D92E6483B100EC165A = {
						CreatedOnToolsVersion = 16.4;
						TestTargetID = E7AD70C02E6483B100EC165A;
					};
				};
			};
			buildConfigurationList = E7AD70BC2E6483B100EC165A /* Build configuration list for PBXProject "HearCoachPlus" */;
			developmentRegion = en;
			hasScannedForEncodings = 0;
			knownRegions = (
				en,
				Base,
			);
			mainGroup = E7AD70B82E6483B100EC165A;
			minimizedProjectReferenceProxies = 1;
			preferredProjectObjectVersion = 77;
			productRefGroup = E7AD70C22E6483B100EC165A /* Products */;
			projectDirPath = "";
			projectRoot = "";
			targets = (
				E7AD70C02E6483B100EC165A /* HearCoachPlus */,
				E7AD70CF2E6483B100EC165A /* HearCoachPlusTests */,
				E7AD70D92E6483B100EC165A /* HearCoachPlusUITests */,
			);
		};
/* End PBXProject section */

/* Begin PBXResourcesBuildPhase section */
		E7AD70BF2E6483B100EC165A /* Resources */ = {
			isa = PBXResourcesBuildPhase;
			buildActionMask = 2147483647;
			files = (
			);
			runOnlyForDeploymentPostprocessing = 0;
		};
		E7AD70CE2E6483B100EC165A /* Resources */ = {
			isa = PBXResourcesBuildPhase;
			buildActionMask = 2147483647;
			files = (
			);
			runOnlyForDeploymentPostprocessing = 0;
		};
		E7AD70D82E6483B100EC165A /* Resources */ = {
			isa = PBXResourcesBuildPhase;
			buildActionMask = 2147483647;
			files = (
			);
			runOnlyForDeploymentPostprocessing = 0;
		};
/* End PBXResourcesBuildPhase section */

/* Begin PBXSourcesBuildPhase section */
		E7AD70BD2E6483B100EC165A /* Sources */ = {
			isa = PBXSourcesBuildPhase;
			buildActionMask = 2147483647;
			files = (
			);
			runOnlyForDeploymentPostprocessing = 0;
		};
		E7AD70CC2E6483B100EC165A /* Sources */ = {
			isa = PBXSourcesBuildPhase;
			buildActionMask = 2147483647;
			files = (
			);
			runOnlyForDeploymentPostprocessing = 0;
		};
		E7AD70D62E6483B100EC165A /* Sources */ = {
			isa = PBXSourcesBuildPhase;
			buildActionMask = 2147483647;
			files = (
			);
			runOnlyForDeploymentPostprocessing = 0;
		};
/* End PBXSourcesBuildPhase section */

/* Begin PBXTargetDependency section */
		E7AD70D22E6483B100EC165A /* PBXTargetDependency */ = {
			isa = PBXTargetDependency;
			target = E7AD70C02E6483B100EC165A /* HearCoachPlus */;
			targetProxy = E7AD70D12E6483B100EC165A /* PBXContainerItemProxy */;
		};
		E7AD70DC2E6483B100EC165A /* PBXTargetDependency */ = {
			isa = PBXTargetDependency;
			target = E7AD70C02E6483B100EC165A /* HearCoachPlus */;
			targetProxy = E7AD70DB2E6483B100EC165A /* PBXContainerItemProxy */;
		};
/* End PBXTargetDependency section */

/* Begin XCBuildConfiguration section */
		E7AD70E22E6483B100EC165A /* Debug */ = {
			isa = XCBuildConfiguration;
			buildSettings = {
				ALWAYS_SEARCH_USER_PATHS = NO;
				ASSETCATALOG_COMPILER_GENERATE_SWIFT_ASSET_SYMBOL_EXTENSIONS = YES;
				CLANG_ANALYZER_NONNULL = YES;
				CLANG_ANALYZER_NUMBER_OBJECT_CONVERSION = YES_AGGRESSIVE;
				CLANG_CXX_LANGUAGE_STANDARD = "gnu++20";
				CLANG_ENABLE_MODULES = YES;
				CLANG_ENABLE_OBJC_ARC = YES;
				CLANG_ENABLE_OBJC_WEAK = YES;
				CLANG_WARN_BLOCK_CAPTURE_AUTORELEASING = YES;
				CLANG_WARN_BOOL_CONVERSION = YES;
				CLANG_WARN_COMMA = YES;
				CLANG_WARN_CONSTANT_CONVERSION = YES;
				CLANG_WARN_DEPRECATED_OBJC_IMPLEMENTATIONS = YES;
				CLANG_WARN_DIRECT_OBJC_ISA_USAGE = YES_ERROR;
				CLANG_WARN_DOCUMENTATION_COMMENTS = YES;
				CLANG_WARN_EMPTY_BODY = YES;
				CLANG_WARN_ENUM_CONVERSION = YES;
				CLANG_WARN_INFINITE_RECURSION = YES;
				CLANG_WARN_INT_CONVERSION = YES;
				CLANG_WARN_NON_LITERAL_NULL_CONVERSION = YES;
				CLANG_WARN_OBJC_IMPLICIT_RETAIN_SELF = YES;
				CLANG_WARN_OBJC_LITERAL_CONVERSION = YES;
				CLANG_WARN_OBJC_ROOT_CLASS = YES_ERROR;
				CLANG_WARN_QUOTED_INCLUDE_IN_FRAMEWORK_HEADER = YES;
				CLANG_WARN_RANGE_LOOP_ANALYSIS = YES;
				CLANG_WARN_STRICT_PROTOTYPES = YES;
				CLANG_WARN_SUSPICIOUS_MOVE = YES;
				CLANG_WARN_UNGUARDED_AVAILABILITY = YES_AGGRESSIVE;
				CLANG_WARN_UNREACHABLE_CODE = YES;
				CLANG_WARN__DUPLICATE_METHOD_MATCH = YES;
				COPY_PHASE_STRIP = NO;
				DEBUG_INFORMATION_FORMAT = dwarf;
				ENABLE_STRICT_OBJC_MSGSEND = YES;
				ENABLE_TESTABILITY = YES;
				ENABLE_USER_SCRIPT_SANDBOXING = YES;
				GCC_C_LANGUAGE_STANDARD = gnu17;
				GCC_DYNAMIC_NO_PIC = NO;
				GCC_NO_COMMON_BLOCKS = YES;
				GCC_OPTIMIZATION_LEVEL = 0;
				GCC_PREPROCESSOR_DEFINITIONS = (
					"DEBUG=1",
					"$(inherited)",
				);
				GCC_WARN_64_TO_32_BIT_CONVERSION = YES;
				GCC_WARN_ABOUT_RETURN_TYPE = YES_ERROR;
				GCC_WARN_UNDECLARED_SELECTOR = YES;
				GCC_WARN_UNINITIALIZED_AUTOS = YES_AGGRESSIVE;
				GCC_WARN_UNUSED_FUNCTION = YES;
				GCC_WARN_UNUSED_VARIABLE = YES;
				IPHONEOS_DEPLOYMENT_TARGET = 18.5;
				LOCALIZATION_PREFERS_STRING_CATALOGS = YES;
				MTL_ENABLE_DEBUG_INFO = INCLUDE_SOURCE;
				MTL_FAST_MATH = YES;
				ONLY_ACTIVE_ARCH = YES;
				SDKROOT = iphoneos;
				SWIFT_ACTIVE_COMPILATION_CONDITIONS = "DEBUG $(inherited)";
				SWIFT_OPTIMIZATION_LEVEL = "-Onone";
			};
			name = Debug;
		};
		E7AD70E32E6483B100EC165A /* Release */ = {
			isa = XCBuildConfiguration;
			buildSettings = {
				ALWAYS_SEARCH_USER_PATHS = NO;
				ASSETCATALOG_COMPILER_GENERATE_SWIFT_ASSET_SYMBOL_EXTENSIONS = YES;
				CLANG_ANALYZER_NONNULL = YES;
				CLANG_ANALYZER_NUMBER_OBJECT_CONVERSION = YES_AGGRESSIVE;
				CLANG_CXX_LANGUAGE_STANDARD = "gnu++20";
				CLANG_ENABLE_MODULES = YES;
				CLANG_ENABLE_OBJC_ARC = YES;
				CLANG_ENABLE_OBJC_WEAK = YES;
				CLANG_WARN_BLOCK_CAPTURE_AUTORELEASING = YES;
				CLANG_WARN_BOOL_CONVERSION = YES;
				CLANG_WARN_COMMA = YES;
				CLANG_WARN_CONSTANT_CONVERSION = YES;
				CLANG_WARN_DEPRECATED_OBJC_IMPLEMENTATIONS = YES;
				CLANG_WARN_DIRECT_OBJC_ISA_USAGE = YES_ERROR;
				CLANG_WARN_DOCUMENTATION_COMMENTS = YES;
				CLANG_WARN_EMPTY_BODY = YES;
				CLANG_WARN_ENUM_CONVERSION = YES;
				CLANG_WARN_INFINITE_RECURSION = YES;
				CLANG_WARN_INT_CONVERSION = YES;
				CLANG_WARN_NON_LITERAL_NULL_CONVERSION = YES;
				CLANG_WARN_OBJC_IMPLICIT_RETAIN_SELF = YES;
				CLANG_WARN_OBJC_LITERAL_CONVERSION = YES;
				CLANG_WARN_OBJC_ROOT_CLASS = YES_ERROR;
				CLANG_WARN_QUOTED_INCLUDE_IN_FRAMEWORK_HEADER = YES;
				CLANG_WARN_RANGE_LOOP_ANALYSIS = YES;
				CLANG_WARN_STRICT_PROTOTYPES = YES;
				CLANG_WARN_SUSPICIOUS_MOVE = YES;
				CLANG_WARN_UNGUARDED_AVAILABILITY = YES_AGGRESSIVE;
				CLANG_WARN_UNREACHABLE_CODE = YES;
				CLANG_WARN__DUPLICATE_METHOD_MATCH = YES;
				COPY_PHASE_STRIP = NO;
				DEBUG_INFORMATION_FORMAT = "dwarf-with-dsym";
				ENABLE_NS_ASSERTIONS = NO;
				ENABLE_STRICT_OBJC_MSGSEND = YES;
				ENABLE_USER_SCRIPT_SANDBOXING = YES;
				GCC_C_LANGUAGE_STANDARD = gnu17;
				GCC_NO_COMMON_BLOCKS = YES;
				GCC_WARN_64_TO_32_BIT_CONVERSION = YES;
				GCC_WARN_ABOUT_RETURN_TYPE = YES_ERROR;
				GCC_WARN_UNDECLARED_SELECTOR = YES;
				GCC_WARN_UNINITIALIZED_AUTOS = YES_AGGRESSIVE;
				GCC_WARN_UNUSED_FUNCTION = YES;
				GCC_WARN_UNUSED_VARIABLE = YES;
				IPHONEOS_DEPLOYMENT_TARGET = 18.5;
				LOCALIZATION_PREFERS_STRING_CATALOGS = YES;
				MTL_ENABLE_DEBUG_INFO = NO;
				MTL_FAST_MATH = YES;
				SDKROOT = iphoneos;
				SWIFT_COMPILATION_MODE = wholemodule;
				VALIDATE_PRODUCT = YES;
			};
			name = Release;
		};
		E7AD70E52E6483B100EC165A /* Debug */ = {
			isa = XCBuildConfiguration;
			buildSettings = {
				ASSETCATALOG_COMPILER_APPICON_NAME = AppIcon;
				ASSETCATALOG_COMPILER_GLOBAL_ACCENT_COLOR_NAME = AccentColor;
				CODE_SIGN_STYLE = Automatic;
				CURRENT_PROJECT_VERSION = 1;
				DEVELOPMENT_TEAM = VR5N3M7G56;
				ENABLE_PREVIEWS = YES;
				GENERATE_INFOPLIST_FILE = NO;
				INFOPLIST_FILE = HearCoachPlus/Info.plist;
				INFOPLIST_KEY_CFBundleDisplayName = HearCoach;
				INFOPLIST_KEY_LSApplicationCategoryType = "public.app-category.utilities";
				INFOPLIST_KEY_UIApplicationSceneManifest_Generation = YES;
				INFOPLIST_KEY_UIApplicationSupportsIndirectInputEvents = YES;
				INFOPLIST_KEY_UILaunchScreen_Generation = YES;
				INFOPLIST_KEY_UISupportedInterfaceOrientations_iPad = "UIInterfaceOrientationPortrait UIInterfaceOrientationPortraitUpsideDown UIInterfaceOrientationLandscapeLeft UIInterfaceOrientationLandscapeRight";
				INFOPLIST_KEY_UISupportedInterfaceOrientations_iPhone = "UIInterfaceOrientationPortrait UIInterfaceOrientationLandscapeLeft UIInterfaceOrientationLandscapeRight";
				LD_RUNPATH_SEARCH_PATHS = (
					"$(inherited)",
					"@executable_path/Frameworks",
				);
				MARKETING_VERSION = 1.0;
				PRODUCT_BUNDLE_IDENTIFIER = com.hearcoach.plus;
				PRODUCT_NAME = "$(TARGET_NAME)";
				SWIFT_EMIT_LOC_STRINGS = YES;
				SWIFT_VERSION = 5.0;
				TARGETED_DEVICE_FAMILY = "1,2";
			};
			name = Debug;
		};
		E7AD70E62E6483B100EC165A /* Release */ = {
			isa = XCBuildConfiguration;
			buildSettings = {
				ASSETCATALOG_COMPILER_APPICON_NAME = AppIcon;
				ASSETCATALOG_COMPILER_GLOBAL_ACCENT_COLOR_NAME = AccentColor;
				CODE_SIGN_STYLE = Automatic;
				CURRENT_PROJECT_VERSION = 1;
				DEVELOPMENT_TEAM = VR5N3M7G56;
				ENABLE_PREVIEWS = YES;
				GENERATE_INFOPLIST_FILE = NO;
				INFOPLIST_FILE = HearCoachPlus/Info.plist;
				INFOPLIST_KEY_CFBundleDisplayName = HearCoach;
				INFOPLIST_KEY_LSApplicationCategoryType = "public.app-category.utilities";
				INFOPLIST_KEY_UIApplicationSceneManifest_Generation = YES;
				INFOPLIST_KEY_UIApplicationSupportsIndirectInputEvents = YES;
				INFOPLIST_KEY_UILaunchScreen_Generation = YES;
				INFOPLIST_KEY_UISupportedInterfaceOrientations_iPad = "UIInterfaceOrientationPortrait UIInterfaceOrientationPortraitUpsideDown UIInterfaceOrientationLandscapeLeft UIInterfaceOrientationLandscapeRight";
				INFOPLIST_KEY_UISupportedInterfaceOrientations_iPhone = "UIInterfaceOrientationPortrait UIInterfaceOrientationLandscapeLeft UIInterfaceOrientationLandscapeRight";
				LD_RUNPATH_SEARCH_PATHS = (
					"$(inherited)",
					"@executable_path/Frameworks",
				);
				MARKETING_VERSION = 1.0;
				PRODUCT_BUNDLE_IDENTIFIER = com.hearcoach.plus;
				PRODUCT_NAME = "$(TARGET_NAME)";
				SWIFT_EMIT_LOC_STRINGS = YES;
				SWIFT_VERSION = 5.0;
				TARGETED_DEVICE_FAMILY = "1,2";
			};
			name = Release;
		};
		E7AD70E82E6483B100EC165A /* Debug */ = {
			isa = XCBuildConfiguration;
			buildSettings = {
				BUNDLE_LOADER = "$(TEST_HOST)";
				CODE_SIGN_STYLE = Automatic;
				CURRENT_PROJECT_VERSION = 1;
				GENERATE_INFOPLIST_FILE = YES;
				IPHONEOS_DEPLOYMENT_TARGET = 18.5;
				MARKETING_VERSION = 1.0;
				PRODUCT_BUNDLE_IDENTIFIER = Kongkong.HearCoachPlusTests;
				PRODUCT_NAME = "$(TARGET_NAME)";
				SWIFT_EMIT_LOC_STRINGS = NO;
				SWIFT_VERSION = 5.0;
				TARGETED_DEVICE_FAMILY = "1,2";
				TEST_HOST = "$(BUILT_PRODUCTS_DIR)/HearCoachPlus.app/$(BUNDLE_EXECUTABLE_FOLDER_PATH)/HearCoachPlus";
			};
			name = Debug;
		};
		E7AD70E92E6483B100EC165A /* Release */ = {
			isa = XCBuildConfiguration;
			buildSettings = {
				BUNDLE_LOADER = "$(TEST_HOST)";
				CODE_SIGN_STYLE = Automatic;
				CURRENT_PROJECT_VERSION = 1;
				GENERATE_INFOPLIST_FILE = YES;
				IPHONEOS_DEPLOYMENT_TARGET = 18.5;
				MARKETING_VERSION = 1.0;
				PRODUCT_BUNDLE_IDENTIFIER = Kongkong.HearCoachPlusTests;
				PRODUCT_NAME = "$(TARGET_NAME)";
				SWIFT_EMIT_LOC_STRINGS = NO;
				SWIFT_VERSION = 5.0;
				TARGETED_DEVICE_FAMILY = "1,2";
				TEST_HOST = "$(BUILT_PRODUCTS_DIR)/HearCoachPlus.app/$(BUNDLE_EXECUTABLE_FOLDER_PATH)/HearCoachPlus";
			};
			name = Release;
		};
		E7AD70EB2E6483B100EC165A /* Debug */ = {
			isa = XCBuildConfiguration;
			buildSettings = {
				CODE_SIGN_STYLE = Automatic;
				CURRENT_PROJECT_VERSION = 1;
				GENERATE_INFOPLIST_FILE = YES;
				MARKETING_VERSION = 1.0;
				PRODUCT_BUNDLE_IDENTIFIER = Kongkong.HearCoachPlusUITests;
				PRODUCT_NAME = "$(TARGET_NAME)";
				SWIFT_EMIT_LOC_STRINGS = NO;
				SWIFT_VERSION = 5.0;
				TARGETED_DEVICE_FAMILY = "1,2";
				TEST_TARGET_NAME = HearCoachPlus;
			};
			name = Debug;
		};
		E7AD70EC2E6483B100EC165A /* Release */ = {
			isa = XCBuildConfiguration;
			buildSettings = {
				CODE_SIGN_STYLE = Automatic;
				CURRENT_PROJECT_VERSION = 1;
				GENERATE_INFOPLIST_FILE = YES;
				MARKETING_VERSION = 1.0;
				PRODUCT_BUNDLE_IDENTIFIER = Kongkong.HearCoachPlusUITests;
				PRODUCT_NAME = "$(TARGET_NAME)";
				SWIFT_EMIT_LOC_STRINGS = NO;
				SWIFT_VERSION = 5.0;
				TARGETED_DEVICE_FAMILY = "1,2";
				TEST_TARGET_NAME = HearCoachPlus;
			};
			name = Release;
		};
/* End XCBuildConfiguration section */

/* Begin XCConfigurationList section */
		E7AD70BC2E6483B100EC165A /* Build configuration list for PBXProject "HearCoachPlus" */ = {
			isa = XCConfigurationList;
			buildConfigurations = (
				E7AD70E22E6483B100EC165A /* Debug */,
				E7AD70E32E6483B100EC165A /* Release */,
			);
			defaultConfigurationIsVisible = 0;
			defaultConfigurationName = Release;
		};
		E7AD70E42E6483B100EC165A /* Build configuration list for PBXNativeTarget "HearCoachPlus" */ = {
			isa = XCConfigurationList;
			buildConfigurations = (
				E7AD70E52E6483B100EC165A /* Debug */,
				E7AD70E62E6483B100EC165A /* Release */,
			);
			defaultConfigurationIsVisible = 0;
			defaultConfigurationName = Release;
		};
		E7AD70E72E6483B100EC165A /* Build configuration list for PBXNativeTarget "HearCoachPlusTests" */ = {
			isa = XCConfigurationList;
			buildConfigurations = (
				E7AD70E82E6483B100EC165A /* Debug */,
				E7AD70E92E6483B100EC165A /* Release */,
			);
			defaultConfigurationIsVisible = 0;
			defaultConfigurationName = Release;
		};
		E7AD70EA2E6483B100EC165A /* Build configuration list for PBXNativeTarget "HearCoachPlusUITests" */ = {
			isa = XCConfigurationList;
			buildConfigurations = (
				E7AD70EB2E6483B100EC165A /* Debug */,
				E7AD70EC2E6483B100EC165A /* Release */,
			);
			defaultConfigurationIsVisible = 0;
			defaultConfigurationName = Release;
		};
/* End XCConfigurationList section */
	};
	rootObject = E7AD70B92E6483B100EC165A /* Project object */;
}
